
Microsoft Visual Studio Solution File, Format Version 12.00
# Visual Studio Version 17
VisualStudioVersion = 17.7.34009.444
MinimumVisualStudioVersion = 10.0.40219.1
Project("{9A19103F-16F7-4668-BE54-9A1E7A4F7556}") = "Medli", "Medli\Medli.csproj", "{853CBEB7-ABBB-4E62-A29C-034AD53DD817}"
EndProject
Project("{9A19103F-16F7-4668-BE54-9A1E7A4F7556}") = "MedliPlugs", "MedliPlugs\MedliPlugs.csproj", "{7F604BA1-BCB5-4212-A13C-071E25EF1C06}"
EndProject
Project("{9A19103F-16F7-4668-BE54-9A1E7A4F7556}") = "Makar", "Makar\Makar.csproj", "{BF5F6C80-0658-4FFC-9DEB-714081B4236F}"
EndProject
Project("{9A19103F-16F7-4668-BE54-9A1E7A4F7556}") = "Medli.Test", "Medli.Test\Medli.Test.csproj", "{7E297B2F-3713-4E0A-B7CB-9C5ABDE9B5CF}"
EndProject
Global
	GlobalSection(SolutionConfigurationPlatforms) = preSolution
		Debug|Any CPU = Debug|Any CPU
		Release|Any CPU = Release|Any CPU
	EndGlobalSection
	GlobalSection(ProjectConfigurationPlatforms) = postSolution
		{853CBEB7-ABBB-4E62-A29C-034AD53DD817}.Debug|Any CPU.ActiveCfg = Debug|Any CPU
		{853CBEB7-ABBB-4E62-A29C-034AD53DD817}.Debug|Any CPU.Build.0 = Debug|Any CPU
		{853CBEB7-ABBB-4E62-A29C-034AD53DD817}.Release|Any CPU.ActiveCfg = Release|Any CPU
		{853CBEB7-ABBB-4E62-A29C-034AD53DD817}.Release|Any CPU.Build.0 = Release|Any CPU
		{7F604BA1-BCB5-4212-A13C-071E25EF1C06}.Debug|Any CPU.ActiveCfg = Debug|Any CPU
		{7F604BA1-BCB5-4212-A13C-071E25EF1C06}.Debug|Any CPU.Build.0 = Debug|Any CPU
		{7F604BA1-BCB5-4212-A13C-071E25EF1C06}.Release|Any CPU.ActiveCfg = Release|Any CPU
		{7F604BA1-BCB5-4212-A13C-071E25EF1C06}.Release|Any CPU.Build.0 = Release|Any CPU
		{BF5F6C80-0658-4FFC-9DEB-714081B4236F}.Debug|Any CPU.ActiveCfg = Debug|Any CPU
		{BF5F6C80-0658-4FFC-9DEB-714081B4236F}.Debug|Any CPU.Build.0 = Debug|Any CPU
		{BF5F6C80-0658-4FFC-9DEB-714081B4236F}.Release|Any CPU.ActiveCfg = Release|Any CPU
		{BF5F6C80-0658-4FFC-9DEB-714081B4236F}.Release|Any CPU.Build.0 = Release|Any CPU
		{7E297B2F-3713-4E0A-B7CB-9C5ABDE9B5CF}.Debug|Any CPU.ActiveCfg = Debug|Any CPU
		{7E297B2F-3713-4E0A-B7CB-9C5ABDE9B5CF}.Debug|Any CPU.Build.0 = Debug|Any CPU
		{7E297B2F-3713-4E0A-B7CB-9C5ABDE9B5CF}.Release|Any CPU.ActiveCfg = Release|Any CPU
		{7E297B2F-3713-4E0A-B7CB-9C5ABDE9B5CF}.Release|Any CPU.Build.0 = Release|Any CPU
	EndGlobalSection
	GlobalSection(SolutionProperties) = preSolution
		HideSolutionNode = FALSE
	EndGlobalSection
	GlobalSection(ExtensibilityGlobals) = postSolution
		SolutionGuid = {F0875AED-8B6F-4A49-B5EA-D04E7B19B3F3}
	EndGlobalSection
EndGlobal
